
Microsoft Visual Studio Solution File, Format Version 12.00
# Visual Studio Version 17
VisualStudioVersion = 17.1.32228.430
MinimumVisualStudioVersion = 10.0.40219.1
Project("{2150E333-8FDC-42A3-9474-1A3956D46DE8}") = "Services", "Services", "{ED7C5848-E1D0-492C-8814-F178A48C1B33}"
EndProject
Project("{2150E333-8FDC-42A3-9474-1A3956D46DE8}") = "Catalog", "Catalog", "{3FA1F58A-EDE6-4B16-9850-26811FBA2C10}"
EndProject
Project("{9A19103F-16F7-4668-BE54-9A1E7A4F7556}") = "Catalog.API", "Services\Catalog\Catalog.API\Catalog.API.csproj", "{02F5AFCC-B08E-40C7-A907-880BAE2C4B37}"
EndProject
Project("{2150E333-8FDC-42A3-9474-1A3956D46DE8}") = "Basket", "Basket", "{35E50457-92B1-41BA-B161-660B7227CC90}"
EndProject
Project("{9A19103F-16F7-4668-BE54-9A1E7A4F7556}") = "Basket.API", "Services\Basket\Basket.API\Basket.API.csproj", "{8E1FD307-76C2-443E-9897-3255947494F1}"
EndProject
Project("{2150E333-8FDC-42A3-9474-1A3956D46DE8}") = "Discount", "Discount", "{68E54117-BD39-4022-B7AE-9CE39BC1553B}"
EndProject
Project("{9A19103F-16F7-4668-BE54-9A1E7A4F7556}") = "Discount.API", "Services\Discount\Discount.API\Discount.API.csproj", "{22E80A1B-F898-4AA9-A5CB-C5AC0BA134E4}"
EndProject
Project("{E53339B2-1760-4266-BCC7-CA923CBCF16C}") = "docker-compose", "docker-compose.dcproj", "{BCF9522B-D2B9-42BB-9865-3BB9B2826B7C}"
EndProject
Project("{9A19103F-16F7-4668-BE54-9A1E7A4F7556}") = "Discount.Grpc", "Services\Discount\Discount.Grpc\Discount.Grpc.csproj", "{C7F76280-A89E-4DFF-B775-140D6FEF0E6D}"
EndProject
Global
	GlobalSection(SolutionConfigurationPlatforms) = preSolution
		Debug|Any CPU = Debug|Any CPU
		Release|Any CPU = Release|Any CPU
	EndGlobalSection
	GlobalSection(ProjectConfigurationPlatforms) = postSolution
		{02F5AFCC-B08E-40C7-A907-880BAE2C4B37}.Debug|Any CPU.ActiveCfg = Debug|Any CPU
		{02F5AFCC-B08E-40C7-A907-880BAE2C4B37}.Debug|Any CPU.Build.0 = Debug|Any CPU
		{02F5AFCC-B08E-40C7-A907-880BAE2C4B37}.Release|Any CPU.ActiveCfg = Release|Any CPU
		{02F5AFCC-B08E-40C7-A907-880BAE2C4B37}.Release|Any CPU.Build.0 = Release|Any CPU
		{8E1FD307-76C2-443E-9897-3255947494F1}.Debug|Any CPU.ActiveCfg = Debug|Any CPU
		{8E1FD307-76C2-443E-9897-3255947494F1}.Debug|Any CPU.Build.0 = Debug|Any CPU
		{8E1FD307-76C2-443E-9897-3255947494F1}.Release|Any CPU.ActiveCfg = Release|Any CPU
		{8E1FD307-76C2-443E-9897-3255947494F1}.Release|Any CPU.Build.0 = Release|Any CPU
		{22E80A1B-F898-4AA9-A5CB-C5AC0BA134E4}.Debug|Any CPU.ActiveCfg = Debug|Any CPU
		{22E80A1B-F898-4AA9-A5CB-C5AC0BA134E4}.Debug|Any CPU.Build.0 = Debug|Any CPU
		{22E80A1B-F898-4AA9-A5CB-C5AC0BA134E4}.Release|Any CPU.ActiveCfg = Release|Any CPU
		{22E80A1B-F898-4AA9-A5CB-C5AC0BA134E4}.Release|Any CPU.Build.0 = Release|Any CPU
		{BCF9522B-D2B9-42BB-9865-3BB9B2826B7C}.Debug|Any CPU.ActiveCfg = Debug|Any CPU
		{BCF9522B-D2B9-42BB-9865-3BB9B2826B7C}.Debug|Any CPU.Build.0 = Debug|Any CPU
		{BCF9522B-D2B9-42BB-9865-3BB9B2826B7C}.Release|Any CPU.ActiveCfg = Release|Any CPU
		{BCF9522B-D2B9-42BB-9865-3BB9B2826B7C}.Release|Any CPU.Build.0 = Release|Any CPU
		{C7F76280-A89E-4DFF-B775-140D6FEF0E6D}.Debug|Any CPU.ActiveCfg = Debug|Any CPU
		{C7F76280-A89E-4DFF-B775-140D6FEF0E6D}.Debug|Any CPU.Build.0 = Debug|Any CPU
		{C7F76280-A89E-4DFF-B775-140D6FEF0E6D}.Release|Any CPU.ActiveCfg = Release|Any CPU
		{C7F76280-A89E-4DFF-B775-140D6FEF0E6D}.Release|Any CPU.Build.0 = Release|Any CPU
	EndGlobalSection
	GlobalSection(SolutionProperties) = preSolution
		HideSolutionNode = FALSE
	EndGlobalSection
	GlobalSection(NestedProjects) = preSolution
		{3FA1F58A-EDE6-4B16-9850-26811FBA2C10} = {ED7C5848-E1D0-492C-8814-F178A48C1B33}
		{02F5AFCC-B08E-40C7-A907-880BAE2C4B37} = {3FA1F58A-EDE6-4B16-9850-26811FBA2C10}
		{35E50457-92B1-41BA-B161-660B7227CC90} = {ED7C5848-E1D0-492C-8814-F178A48C1B33}
		{8E1FD307-76C2-443E-9897-3255947494F1} = {35E50457-92B1-41BA-B161-660B7227CC90}
		{68E54117-BD39-4022-B7AE-9CE39BC1553B} = {ED7C5848-E1D0-492C-8814-F178A48C1B33}
		{22E80A1B-F898-4AA9-A5CB-C5AC0BA134E4} = {68E54117-BD39-4022-B7AE-9CE39BC1553B}
		{C7F76280-A89E-4DFF-B775-140D6FEF0E6D} = {68E54117-BD39-4022-B7AE-9CE39BC1553B}
	EndGlobalSection
	GlobalSection(ExtensibilityGlobals) = postSolution
		SolutionGuid = {3519F48E-A59A-47A6-8405-3788EB328FCA}
	EndGlobalSection
EndGlobal
